
Microsoft Visual Studio Solution File, Format Version 12.00
# Visual Studio 15
VisualStudioVersion = 15.0.28307.421
MinimumVisualStudioVersion = 10.0.40219.1
Project("{9A19103F-16F7-4668-BE54-9A1E7A4F7556}") = "DesignPatterns.AbstractFactory", "DesignPatterns.AbstractFactory\DesignPatterns.AbstractFactory.csproj", "{F5DB39C2-6C67-4A4F-AE9D-B50FEF2AF7C5}"
EndProject
Project("{2150E333-8FDC-42A3-9474-1A3956D46DE8}") = "1 PATRONES DE CONSTRUCCION", "1 PATRONES DE CONSTRUCCION", "{90C5493C-3866-4935-9E46-017570A32DCD}"
EndProject
Project("{9A19103F-16F7-4668-BE54-9A1E7A4F7556}") = "DesignPatterns.Builder", "DesignPatterns.Builder\DesignPatterns.Builder.csproj", "{9519779B-A841-4548-88FC-7118DC3D99AA}"
EndProject
Project("{9A19103F-16F7-4668-BE54-9A1E7A4F7556}") = "DesignPatterns.FactoryMethod", "DesignPatterns.FactoryMethod\DesignPatterns.FactoryMethod.csproj", "{022C56B0-8CBE-455E-9DDD-C653B99E7131}"
EndProject
Project("{9A19103F-16F7-4668-BE54-9A1E7A4F7556}") = "DesignPatterns.Prototype", "DesignPatterns.Prototype\DesignPatterns.Prototype.csproj", "{5C3868F3-7769-4882-BCE6-AF17475A7DA4}"
EndProject
Project("{9A19103F-16F7-4668-BE54-9A1E7A4F7556}") = "DesignPatterns.Singleton", "DesignPatterns.Singleton\DesignPatterns.Singleton.csproj", "{151B9213-768F-4A83-B47E-DCBFF0E2CABF}"
EndProject
Project("{2150E333-8FDC-42A3-9474-1A3956D46DE8}") = "2 PATRONES DE ESTRUCTURACION", "2 PATRONES DE ESTRUCTURACION", "{3974185F-EDE9-4566-8145-093BF59B48F4}"
EndProject
Project("{9A19103F-16F7-4668-BE54-9A1E7A4F7556}") = "DesignPatterns.Adapter", "DesignPatterns.Adapter\DesignPatterns.Adapter.csproj", "{11B15DEA-80A3-48BC-BB07-45053B458872}"
EndProject
Project("{9A19103F-16F7-4668-BE54-9A1E7A4F7556}") = "DesignPatterns.Bridge", "DesignPatterns.Bridge\DesignPatterns.Bridge.csproj", "{78598607-F802-4D12-A6B9-ADCE44EEFF56}"
EndProject
Project("{9A19103F-16F7-4668-BE54-9A1E7A4F7556}") = "DesignPatterns.Composite", "DesignPatterns.Composite\DesignPatterns.Composite.csproj", "{2903E550-FCB5-49B4-9C18-25498A1CEBD7}"
EndProject
Project("{9A19103F-16F7-4668-BE54-9A1E7A4F7556}") = "DesignPatterns.Decorator", "DesignPatterns.Decorator\DesignPatterns.Decorator.csproj", "{BA55B683-0BB5-422D-905A-5C7E47E740DB}"
EndProject
Project("{9A19103F-16F7-4668-BE54-9A1E7A4F7556}") = "DesignPatterns.Facade", "DesignPatterns.Facade\DesignPatterns.Facade.csproj", "{79B9E89A-46AC-490E-86D5-DA21558292A1}"
EndProject
Project("{9A19103F-16F7-4668-BE54-9A1E7A4F7556}") = "DesignPatterns.Flyweight", "DesignPatterns.Flyweight\DesignPatterns.Flyweight.csproj", "{A5E6EAF4-D3A7-4CFC-B0A1-2C471E1404A4}"
EndProject
Project("{9A19103F-16F7-4668-BE54-9A1E7A4F7556}") = "DesignPatterns.Proxy", "DesignPatterns.Proxy\DesignPatterns.Proxy.csproj", "{F905AA59-2259-48D7-BB94-52BCECEE4808}"
EndProject
Project("{2150E333-8FDC-42A3-9474-1A3956D46DE8}") = "3 PATRONES DE COMPORTAMIENTO", "3 PATRONES DE COMPORTAMIENTO", "{35BB1E84-5073-4DE1-AB32-F1532DF13BC7}"
EndProject
Project("{9A19103F-16F7-4668-BE54-9A1E7A4F7556}") = "DesignPatterns.ChainOfResponsibility", "DesignPatterns.ChainOfResponsibility\DesignPatterns.ChainOfResponsibility.csproj", "{B983DA2B-331B-47C1-93EF-09CAD785CD33}"
EndProject
Project("{9A19103F-16F7-4668-BE54-9A1E7A4F7556}") = "DesignPatterns.Command", "DesignPatterns.Command\DesignPatterns.Command.csproj", "{7D35F64F-F17D-46FB-876D-2E2FDAFBEC9C}"
EndProject
Project("{9A19103F-16F7-4668-BE54-9A1E7A4F7556}") = "DesignPatterns.Interpreter", "DesignPatterns.Interpreter\DesignPatterns.Interpreter.csproj", "{F935CB80-82C9-4FF3-88BD-A259792822E8}"
EndProject
Project("{9A19103F-16F7-4668-BE54-9A1E7A4F7556}") = "DesignPatterns.Iterator", "DesignPatterns.Iterator\DesignPatterns.Iterator.csproj", "{3049DEC8-C712-478C-9E92-93666B1CFA12}"
EndProject
Project("{9A19103F-16F7-4668-BE54-9A1E7A4F7556}") = "DesignPatterns.Mediator", "DesignPatterns.Mediator\DesignPatterns.Mediator.csproj", "{DC01AF19-5C54-4FE7-8FAB-E6ECD477661C}"
EndProject
Project("{9A19103F-16F7-4668-BE54-9A1E7A4F7556}") = "DesignPatterns.Memento", "DesignPatterns.Memento\DesignPatterns.Memento.csproj", "{C4883AF8-6D6E-4F50-BC68-5E03010F90F2}"
EndProject
Project("{9A19103F-16F7-4668-BE54-9A1E7A4F7556}") = "DesignPatterns.Observer", "DesignPatterns.Observer\DesignPatterns.Observer.csproj", "{660781B5-A84E-42AE-9537-2CCFD8DE7285}"
EndProject
Project("{9A19103F-16F7-4668-BE54-9A1E7A4F7556}") = "DesignPatterns.State", "DesignPatterns.State\DesignPatterns.State.csproj", "{C4B1046D-EC5C-4E18-ADD1-4080685B424E}"
EndProject
Project("{9A19103F-16F7-4668-BE54-9A1E7A4F7556}") = "DesignPatterns.Strategy", "DesignPatterns.Strategy\DesignPatterns.Strategy.csproj", "{69808BEB-5311-433E-BB9B-6B2736AF2D7E}"
EndProject
Project("{9A19103F-16F7-4668-BE54-9A1E7A4F7556}") = "DesignPatterns.TemplateMethod", "DesignPatterns.TemplateMethod\DesignPatterns.TemplateMethod.csproj", "{E69267EA-D9D8-4D2B-86EB-385E7764B3FA}"
EndProject
Project("{9A19103F-16F7-4668-BE54-9A1E7A4F7556}") = "DesignPatterns.Visitor", "DesignPatterns.Visitor\DesignPatterns.Visitor.csproj", "{D4D18D51-6792-45D7-A46A-BFE7903C179F}"
EndProject
Project("{2150E333-8FDC-42A3-9474-1A3956D46DE8}") = "4 COMPOSICION Y VARIACION DE PATRONES", "4 COMPOSICION Y VARIACION DE PATRONES", "{67903949-A7F6-40B6-A822-568047D694BE}"
EndProject
Project("{FAE04EC0-301F-11D3-BF4B-00C04F79EFBC}") = "DesignPatterns.PluggableFactory", "DesignPatterns.PluggableFactory\DesignPatterns.PluggableFactory.csproj", "{9B57CCF1-ACC6-4D46-BD91-AB43DDFB18AD}"
EndProject
Project("{FAE04EC0-301F-11D3-BF4B-00C04F79EFBC}") = "DesignPatterns.ReflectiveVisitor", "DesignPatterns.ReflectiveVisitor\DesignPatterns.ReflectiveVisitor.csproj", "{183C25E5-40E5-4D52-9F9B-B5CD73E0E597}"
EndProject
Project("{FAE04EC0-301F-11D3-BF4B-00C04F79EFBC}") = "DesignPatterns.Multicast", "DesignPatterns.Multicast\DesignPatterns.Multicast.csproj", "{1AAF577A-80AF-4B26-868C-D8213A2C1D36}"
EndProject
Global
	GlobalSection(SolutionConfigurationPlatforms) = preSolution
		Debug|Any CPU = Debug|Any CPU
		Release|Any CPU = Release|Any CPU
	EndGlobalSection
	GlobalSection(ProjectConfigurationPlatforms) = postSolution
		{F5DB39C2-6C67-4A4F-AE9D-B50FEF2AF7C5}.Debug|Any CPU.ActiveCfg = Debug|Any CPU
		{F5DB39C2-6C67-4A4F-AE9D-B50FEF2AF7C5}.Debug|Any CPU.Build.0 = Debug|Any CPU
		{F5DB39C2-6C67-4A4F-AE9D-B50FEF2AF7C5}.Release|Any CPU.ActiveCfg = Release|Any CPU
		{F5DB39C2-6C67-4A4F-AE9D-B50FEF2AF7C5}.Release|Any CPU.Build.0 = Release|Any CPU
		{9519779B-A841-4548-88FC-7118DC3D99AA}.Debug|Any CPU.ActiveCfg = Debug|Any CPU
		{9519779B-A841-4548-88FC-7118DC3D99AA}.Debug|Any CPU.Build.0 = Debug|Any CPU
		{9519779B-A841-4548-88FC-7118DC3D99AA}.Release|Any CPU.ActiveCfg = Release|Any CPU
		{9519779B-A841-4548-88FC-7118DC3D99AA}.Release|Any CPU.Build.0 = Release|Any CPU
		{022C56B0-8CBE-455E-9DDD-C653B99E7131}.Debug|Any CPU.ActiveCfg = Debug|Any CPU
		{022C56B0-8CBE-455E-9DDD-C653B99E7131}.Debug|Any CPU.Build.0 = Debug|Any CPU
		{022C56B0-8CBE-455E-9DDD-C653B99E7131}.Release|Any CPU.ActiveCfg = Release|Any CPU
		{022C56B0-8CBE-455E-9DDD-C653B99E7131}.Release|Any CPU.Build.0 = Release|Any CPU
		{5C3868F3-7769-4882-BCE6-AF17475A7DA4}.Debug|Any CPU.ActiveCfg = Debug|Any CPU
		{5C3868F3-7769-4882-BCE6-AF17475A7DA4}.Debug|Any CPU.Build.0 = Debug|Any CPU
		{5C3868F3-7769-4882-BCE6-AF17475A7DA4}.Release|Any CPU.ActiveCfg = Release|Any CPU
		{5C3868F3-7769-4882-BCE6-AF17475A7DA4}.Release|Any CPU.Build.0 = Release|Any CPU
		{151B9213-768F-4A83-B47E-DCBFF0E2CABF}.Debug|Any CPU.ActiveCfg = Debug|Any CPU
		{151B9213-768F-4A83-B47E-DCBFF0E2CABF}.Debug|Any CPU.Build.0 = Debug|Any CPU
		{151B9213-768F-4A83-B47E-DCBFF0E2CABF}.Release|Any CPU.ActiveCfg = Release|Any CPU
		{151B9213-768F-4A83-B47E-DCBFF0E2CABF}.Release|Any CPU.Build.0 = Release|Any CPU
		{11B15DEA-80A3-48BC-BB07-45053B458872}.Debug|Any CPU.ActiveCfg = Debug|Any CPU
		{11B15DEA-80A3-48BC-BB07-45053B458872}.Debug|Any CPU.Build.0 = Debug|Any CPU
		{11B15DEA-80A3-48BC-BB07-45053B458872}.Release|Any CPU.ActiveCfg = Release|Any CPU
		{11B15DEA-80A3-48BC-BB07-45053B458872}.Release|Any CPU.Build.0 = Release|Any CPU
		{78598607-F802-4D12-A6B9-ADCE44EEFF56}.Debug|Any CPU.ActiveCfg = Debug|Any CPU
		{78598607-F802-4D12-A6B9-ADCE44EEFF56}.Debug|Any CPU.Build.0 = Debug|Any CPU
		{78598607-F802-4D12-A6B9-ADCE44EEFF56}.Release|Any CPU.ActiveCfg = Release|Any CPU
		{78598607-F802-4D12-A6B9-ADCE44EEFF56}.Release|Any CPU.Build.0 = Release|Any CPU
		{2903E550-FCB5-49B4-9C18-25498A1CEBD7}.Debug|Any CPU.ActiveCfg = Debug|Any CPU
		{2903E550-FCB5-49B4-9C18-25498A1CEBD7}.Debug|Any CPU.Build.0 = Debug|Any CPU
		{2903E550-FCB5-49B4-9C18-25498A1CEBD7}.Release|Any CPU.ActiveCfg = Release|Any CPU
		{2903E550-FCB5-49B4-9C18-25498A1CEBD7}.Release|Any CPU.Build.0 = Release|Any CPU
		{BA55B683-0BB5-422D-905A-5C7E47E740DB}.Debug|Any CPU.ActiveCfg = Debug|Any CPU
		{BA55B683-0BB5-422D-905A-5C7E47E740DB}.Debug|Any CPU.Build.0 = Debug|Any CPU
		{BA55B683-0BB5-422D-905A-5C7E47E740DB}.Release|Any CPU.ActiveCfg = Release|Any CPU
		{BA55B683-0BB5-422D-905A-5C7E47E740DB}.Release|Any CPU.Build.0 = Release|Any CPU
		{79B9E89A-46AC-490E-86D5-DA21558292A1}.Debug|Any CPU.ActiveCfg = Debug|Any CPU
		{79B9E89A-46AC-490E-86D5-DA21558292A1}.Debug|Any CPU.Build.0 = Debug|Any CPU
		{79B9E89A-46AC-490E-86D5-DA21558292A1}.Release|Any CPU.ActiveCfg = Release|Any CPU
		{79B9E89A-46AC-490E-86D5-DA21558292A1}.Release|Any CPU.Build.0 = Release|Any CPU
		{A5E6EAF4-D3A7-4CFC-B0A1-2C471E1404A4}.Debug|Any CPU.ActiveCfg = Debug|Any CPU
		{A5E6EAF4-D3A7-4CFC-B0A1-2C471E1404A4}.Debug|Any CPU.Build.0 = Debug|Any CPU
		{A5E6EAF4-D3A7-4CFC-B0A1-2C471E1404A4}.Release|Any CPU.ActiveCfg = Release|Any CPU
		{A5E6EAF4-D3A7-4CFC-B0A1-2C471E1404A4}.Release|Any CPU.Build.0 = Release|Any CPU
		{F905AA59-2259-48D7-BB94-52BCECEE4808}.Debug|Any CPU.ActiveCfg = Debug|Any CPU
		{F905AA59-2259-48D7-BB94-52BCECEE4808}.Debug|Any CPU.Build.0 = Debug|Any CPU
		{F905AA59-2259-48D7-BB94-52BCECEE4808}.Release|Any CPU.ActiveCfg = Release|Any CPU
		{F905AA59-2259-48D7-BB94-52BCECEE4808}.Release|Any CPU.Build.0 = Release|Any CPU
		{B983DA2B-331B-47C1-93EF-09CAD785CD33}.Debug|Any CPU.ActiveCfg = Debug|Any CPU
		{B983DA2B-331B-47C1-93EF-09CAD785CD33}.Debug|Any CPU.Build.0 = Debug|Any CPU
		{B983DA2B-331B-47C1-93EF-09CAD785CD33}.Release|Any CPU.ActiveCfg = Release|Any CPU
		{B983DA2B-331B-47C1-93EF-09CAD785CD33}.Release|Any CPU.Build.0 = Release|Any CPU
		{7D35F64F-F17D-46FB-876D-2E2FDAFBEC9C}.Debug|Any CPU.ActiveCfg = Debug|Any CPU
		{7D35F64F-F17D-46FB-876D-2E2FDAFBEC9C}.Debug|Any CPU.Build.0 = Debug|Any CPU
		{7D35F64F-F17D-46FB-876D-2E2FDAFBEC9C}.Release|Any CPU.ActiveCfg = Release|Any CPU
		{7D35F64F-F17D-46FB-876D-2E2FDAFBEC9C}.Release|Any CPU.Build.0 = Release|Any CPU
		{F935CB80-82C9-4FF3-88BD-A259792822E8}.Debug|Any CPU.ActiveCfg = Debug|Any CPU
		{F935CB80-82C9-4FF3-88BD-A259792822E8}.Debug|Any CPU.Build.0 = Debug|Any CPU
		{F935CB80-82C9-4FF3-88BD-A259792822E8}.Release|Any CPU.ActiveCfg = Release|Any CPU
		{F935CB80-82C9-4FF3-88BD-A259792822E8}.Release|Any CPU.Build.0 = Release|Any CPU
		{3049DEC8-C712-478C-9E92-93666B1CFA12}.Debug|Any CPU.ActiveCfg = Debug|Any CPU
		{3049DEC8-C712-478C-9E92-93666B1CFA12}.Debug|Any CPU.Build.0 = Debug|Any CPU
		{3049DEC8-C712-478C-9E92-93666B1CFA12}.Release|Any CPU.ActiveCfg = Release|Any CPU
		{3049DEC8-C712-478C-9E92-93666B1CFA12}.Release|Any CPU.Build.0 = Release|Any CPU
		{DC01AF19-5C54-4FE7-8FAB-E6ECD477661C}.Debug|Any CPU.ActiveCfg = Debug|Any CPU
		{DC01AF19-5C54-4FE7-8FAB-E6ECD477661C}.Debug|Any CPU.Build.0 = Debug|Any CPU
		{DC01AF19-5C54-4FE7-8FAB-E6ECD477661C}.Release|Any CPU.ActiveCfg = Release|Any CPU
		{DC01AF19-5C54-4FE7-8FAB-E6ECD477661C}.Release|Any CPU.Build.0 = Release|Any CPU
		{C4883AF8-6D6E-4F50-BC68-5E03010F90F2}.Debug|Any CPU.ActiveCfg = Debug|Any CPU
		{C4883AF8-6D6E-4F50-BC68-5E03010F90F2}.Debug|Any CPU.Build.0 = Debug|Any CPU
		{C4883AF8-6D6E-4F50-BC68-5E03010F90F2}.Release|Any CPU.ActiveCfg = Release|Any CPU
		{C4883AF8-6D6E-4F50-BC68-5E03010F90F2}.Release|Any CPU.Build.0 = Release|Any CPU
		{660781B5-A84E-42AE-9537-2CCFD8DE7285}.Debug|Any CPU.ActiveCfg = Debug|Any CPU
		{660781B5-A84E-42AE-9537-2CCFD8DE7285}.Debug|Any CPU.Build.0 = Debug|Any CPU
		{660781B5-A84E-42AE-9537-2CCFD8DE7285}.Release|Any CPU.ActiveCfg = Release|Any CPU
		{660781B5-A84E-42AE-9537-2CCFD8DE7285}.Release|Any CPU.Build.0 = Release|Any CPU
		{C4B1046D-EC5C-4E18-ADD1-4080685B424E}.Debug|Any CPU.ActiveCfg = Debug|Any CPU
		{C4B1046D-EC5C-4E18-ADD1-4080685B424E}.Debug|Any CPU.Build.0 = Debug|Any CPU
		{C4B1046D-EC5C-4E18-ADD1-4080685B424E}.Release|Any CPU.ActiveCfg = Release|Any CPU
		{C4B1046D-EC5C-4E18-ADD1-4080685B424E}.Release|Any CPU.Build.0 = Release|Any CPU
		{69808BEB-5311-433E-BB9B-6B2736AF2D7E}.Debug|Any CPU.ActiveCfg = Debug|Any CPU
		{69808BEB-5311-433E-BB9B-6B2736AF2D7E}.Debug|Any CPU.Build.0 = Debug|Any CPU
		{69808BEB-5311-433E-BB9B-6B2736AF2D7E}.Release|Any CPU.ActiveCfg = Release|Any CPU
		{69808BEB-5311-433E-BB9B-6B2736AF2D7E}.Release|Any CPU.Build.0 = Release|Any CPU
		{E69267EA-D9D8-4D2B-86EB-385E7764B3FA}.Debug|Any CPU.ActiveCfg = Debug|Any CPU
		{E69267EA-D9D8-4D2B-86EB-385E7764B3FA}.Debug|Any CPU.Build.0 = Debug|Any CPU
		{E69267EA-D9D8-4D2B-86EB-385E7764B3FA}.Release|Any CPU.ActiveCfg = Release|Any CPU
		{E69267EA-D9D8-4D2B-86EB-385E7764B3FA}.Release|Any CPU.Build.0 = Release|Any CPU
		{D4D18D51-6792-45D7-A46A-BFE7903C179F}.Debug|Any CPU.ActiveCfg = Debug|Any CPU
		{D4D18D51-6792-45D7-A46A-BFE7903C179F}.Debug|Any CPU.Build.0 = Debug|Any CPU
		{D4D18D51-6792-45D7-A46A-BFE7903C179F}.Release|Any CPU.ActiveCfg = Release|Any CPU
		{D4D18D51-6792-45D7-A46A-BFE7903C179F}.Release|Any CPU.Build.0 = Release|Any CPU
		{9B57CCF1-ACC6-4D46-BD91-AB43DDFB18AD}.Debug|Any CPU.ActiveCfg = Debug|Any CPU
		{9B57CCF1-ACC6-4D46-BD91-AB43DDFB18AD}.Debug|Any CPU.Build.0 = Debug|Any CPU
		{9B57CCF1-ACC6-4D46-BD91-AB43DDFB18AD}.Release|Any CPU.ActiveCfg = Release|Any CPU
		{9B57CCF1-ACC6-4D46-BD91-AB43DDFB18AD}.Release|Any CPU.Build.0 = Release|Any CPU
		{183C25E5-40E5-4D52-9F9B-B5CD73E0E597}.Debug|Any CPU.ActiveCfg = Debug|Any CPU
		{183C25E5-40E5-4D52-9F9B-B5CD73E0E597}.Debug|Any CPU.Build.0 = Debug|Any CPU
		{183C25E5-40E5-4D52-9F9B-B5CD73E0E597}.Release|Any CPU.ActiveCfg = Release|Any CPU
		{183C25E5-40E5-4D52-9F9B-B5CD73E0E597}.Release|Any CPU.Build.0 = Release|Any CPU
		{1AAF577A-80AF-4B26-868C-D8213A2C1D36}.Debug|Any CPU.ActiveCfg = Debug|Any CPU
		{1AAF577A-80AF-4B26-868C-D8213A2C1D36}.Debug|Any CPU.Build.0 = Debug|Any CPU
		{1AAF577A-80AF-4B26-868C-D8213A2C1D36}.Release|Any CPU.ActiveCfg = Release|Any CPU
		{1AAF577A-80AF-4B26-868C-D8213A2C1D36}.Release|Any CPU.Build.0 = Release|Any CPU
	EndGlobalSection
	GlobalSection(SolutionProperties) = preSolution
		HideSolutionNode = FALSE
	EndGlobalSection
	GlobalSection(NestedProjects) = preSolution
		{F5DB39C2-6C67-4A4F-AE9D-B50FEF2AF7C5} = {90C5493C-3866-4935-9E46-017570A32DCD}
		{9519779B-A841-4548-88FC-7118DC3D99AA} = {90C5493C-3866-4935-9E46-017570A32DCD}
		{022C56B0-8CBE-455E-9DDD-C653B99E7131} = {90C5493C-3866-4935-9E46-017570A32DCD}
		{5C3868F3-7769-4882-BCE6-AF17475A7DA4} = {90C5493C-3866-4935-9E46-017570A32DCD}
		{151B9213-768F-4A83-B47E-DCBFF0E2CABF} = {90C5493C-3866-4935-9E46-017570A32DCD}
		{11B15DEA-80A3-48BC-BB07-45053B458872} = {3974185F-EDE9-4566-8145-093BF59B48F4}
		{78598607-F802-4D12-A6B9-ADCE44EEFF56} = {3974185F-EDE9-4566-8145-093BF59B48F4}
		{2903E550-FCB5-49B4-9C18-25498A1CEBD7} = {3974185F-EDE9-4566-8145-093BF59B48F4}
		{BA55B683-0BB5-422D-905A-5C7E47E740DB} = {3974185F-EDE9-4566-8145-093BF59B48F4}
		{79B9E89A-46AC-490E-86D5-DA21558292A1} = {3974185F-EDE9-4566-8145-093BF59B48F4}
		{A5E6EAF4-D3A7-4CFC-B0A1-2C471E1404A4} = {3974185F-EDE9-4566-8145-093BF59B48F4}
		{F905AA59-2259-48D7-BB94-52BCECEE4808} = {3974185F-EDE9-4566-8145-093BF59B48F4}
		{B983DA2B-331B-47C1-93EF-09CAD785CD33} = {35BB1E84-5073-4DE1-AB32-F1532DF13BC7}
		{7D35F64F-F17D-46FB-876D-2E2FDAFBEC9C} = {35BB1E84-5073-4DE1-AB32-F1532DF13BC7}
		{F935CB80-82C9-4FF3-88BD-A259792822E8} = {35BB1E84-5073-4DE1-AB32-F1532DF13BC7}
		{3049DEC8-C712-478C-9E92-93666B1CFA12} = {35BB1E84-5073-4DE1-AB32-F1532DF13BC7}
		{DC01AF19-5C54-4FE7-8FAB-E6ECD477661C} = {35BB1E84-5073-4DE1-AB32-F1532DF13BC7}
		{C4883AF8-6D6E-4F50-BC68-5E03010F90F2} = {35BB1E84-5073-4DE1-AB32-F1532DF13BC7}
		{660781B5-A84E-42AE-9537-2CCFD8DE7285} = {35BB1E84-5073-4DE1-AB32-F1532DF13BC7}
		{C4B1046D-EC5C-4E18-ADD1-4080685B424E} = {35BB1E84-5073-4DE1-AB32-F1532DF13BC7}
		{69808BEB-5311-433E-BB9B-6B2736AF2D7E} = {35BB1E84-5073-4DE1-AB32-F1532DF13BC7}
		{E69267EA-D9D8-4D2B-86EB-385E7764B3FA} = {35BB1E84-5073-4DE1-AB32-F1532DF13BC7}
		{D4D18D51-6792-45D7-A46A-BFE7903C179F} = {35BB1E84-5073-4DE1-AB32-F1532DF13BC7}
		{9B57CCF1-ACC6-4D46-BD91-AB43DDFB18AD} = {67903949-A7F6-40B6-A822-568047D694BE}
		{183C25E5-40E5-4D52-9F9B-B5CD73E0E597} = {67903949-A7F6-40B6-A822-568047D694BE}
		{1AAF577A-80AF-4B26-868C-D8213A2C1D36} = {67903949-A7F6-40B6-A822-568047D694BE}
	EndGlobalSection
	GlobalSection(ExtensibilityGlobals) = postSolution
		SolutionGuid = {E5117F41-5FB8-464B-9BBA-0A64AE35D897}
	EndGlobalSection
EndGlobal
