
Microsoft Visual Studio Solution File, Format Version 12.00
# Visual Studio 15
VisualStudioVersion = 15.0.28307.421
MinimumVisualStudioVersion = 10.0.40219.1
Project("{9A19103F-16F7-4668-BE54-9A1E7A4F7556}") = "DesignPatterns.AbstractFactory", "DesignPatterns.AbstractFactory\DesignPatterns.AbstractFactory.csproj", "{F5DB39C2-6C67-4A4F-AE9D-B50FEF2AF7C5}"
EndProject
Project("{2150E333-8FDC-42A3-9474-1A3956D46DE8}") = "PATRONES DE CONSTRUCCION", "PATRONES DE CONSTRUCCION", "{90C5493C-3866-4935-9E46-017570A32DCD}"
EndProject
Project("{9A19103F-16F7-4668-BE54-9A1E7A4F7556}") = "DesignPatterns.Builder", "DesignPatterns.Builder\DesignPatterns.Builder.csproj", "{9519779B-A841-4548-88FC-7118DC3D99AA}"
EndProject
Project("{9A19103F-16F7-4668-BE54-9A1E7A4F7556}") = "DesignPatterns.FactoryMethod", "DesignPatterns.FactoryMethod\DesignPatterns.FactoryMethod.csproj", "{022C56B0-8CBE-455E-9DDD-C653B99E7131}"
EndProject
Project("{9A19103F-16F7-4668-BE54-9A1E7A4F7556}") = "DesignPatterns.Prototype", "DesignPatterns.Prototype\DesignPatterns.Prototype.csproj", "{5C3868F3-7769-4882-BCE6-AF17475A7DA4}"
EndProject
Project("{9A19103F-16F7-4668-BE54-9A1E7A4F7556}") = "DesignPatterns.Singleton", "DesignPatterns.Singleton\DesignPatterns.Singleton.csproj", "{151B9213-768F-4A83-B47E-DCBFF0E2CABF}"
EndProject
Project("{2150E333-8FDC-42A3-9474-1A3956D46DE8}") = "PATRONES DE ESTRUCTURACION", "PATRONES DE ESTRUCTURACION", "{3974185F-EDE9-4566-8145-093BF59B48F4}"
EndProject
Project("{FAE04EC0-301F-11D3-BF4B-00C04F79EFBC}") = "DesignPatterns.Adapter", "DesignPatterns.Adapter\DesignPatterns.Adapter.csproj", "{11B15DEA-80A3-48BC-BB07-45053B458872}"
EndProject
Project("{FAE04EC0-301F-11D3-BF4B-00C04F79EFBC}") = "DesignPatterns.Bridge", "DesignPatterns.Bridge\DesignPatterns.Bridge.csproj", "{78598607-F802-4D12-A6B9-ADCE44EEFF56}"
EndProject
Project("{FAE04EC0-301F-11D3-BF4B-00C04F79EFBC}") = "DesignPatterns.Composite", "DesignPatterns.Composite\DesignPatterns.Composite.csproj", "{2903E550-FCB5-49B4-9C18-25498A1CEBD7}"
EndProject
Project("{FAE04EC0-301F-11D3-BF4B-00C04F79EFBC}") = "DesignPatterns.Decorator", "DesignPatterns.Decorator\DesignPatterns.Decorator.csproj", "{BA55B683-0BB5-422D-905A-5C7E47E740DB}"
EndProject
Project("{FAE04EC0-301F-11D3-BF4B-00C04F79EFBC}") = "DesignPatterns.Facade", "DesignPatterns.Facade\DesignPatterns.Facade.csproj", "{79B9E89A-46AC-490E-86D5-DA21558292A1}"
EndProject
Project("{FAE04EC0-301F-11D3-BF4B-00C04F79EFBC}") = "DesignPatterns.Flyweight", "DesignPatterns.Flyweight\DesignPatterns.Flyweight.csproj", "{A5E6EAF4-D3A7-4CFC-B0A1-2C471E1404A4}"
EndProject
Project("{FAE04EC0-301F-11D3-BF4B-00C04F79EFBC}") = "DesignPatterns.Proxy", "DesignPatterns.Proxy\DesignPatterns.Proxy.csproj", "{F905AA59-2259-48D7-BB94-52BCECEE4808}"
EndProject
Global
	GlobalSection(SolutionConfigurationPlatforms) = preSolution
		Debug|Any CPU = Debug|Any CPU
		Release|Any CPU = Release|Any CPU
	EndGlobalSection
	GlobalSection(ProjectConfigurationPlatforms) = postSolution
		{F5DB39C2-6C67-4A4F-AE9D-B50FEF2AF7C5}.Debug|Any CPU.ActiveCfg = Debug|Any CPU
		{F5DB39C2-6C67-4A4F-AE9D-B50FEF2AF7C5}.Debug|Any CPU.Build.0 = Debug|Any CPU
		{F5DB39C2-6C67-4A4F-AE9D-B50FEF2AF7C5}.Release|Any CPU.ActiveCfg = Release|Any CPU
		{F5DB39C2-6C67-4A4F-AE9D-B50FEF2AF7C5}.Release|Any CPU.Build.0 = Release|Any CPU
		{9519779B-A841-4548-88FC-7118DC3D99AA}.Debug|Any CPU.ActiveCfg = Debug|Any CPU
		{9519779B-A841-4548-88FC-7118DC3D99AA}.Debug|Any CPU.Build.0 = Debug|Any CPU
		{9519779B-A841-4548-88FC-7118DC3D99AA}.Release|Any CPU.ActiveCfg = Release|Any CPU
		{9519779B-A841-4548-88FC-7118DC3D99AA}.Release|Any CPU.Build.0 = Release|Any CPU
		{022C56B0-8CBE-455E-9DDD-C653B99E7131}.Debug|Any CPU.ActiveCfg = Debug|Any CPU
		{022C56B0-8CBE-455E-9DDD-C653B99E7131}.Debug|Any CPU.Build.0 = Debug|Any CPU
		{022C56B0-8CBE-455E-9DDD-C653B99E7131}.Release|Any CPU.ActiveCfg = Release|Any CPU
		{022C56B0-8CBE-455E-9DDD-C653B99E7131}.Release|Any CPU.Build.0 = Release|Any CPU
		{5C3868F3-7769-4882-BCE6-AF17475A7DA4}.Debug|Any CPU.ActiveCfg = Debug|Any CPU
		{5C3868F3-7769-4882-BCE6-AF17475A7DA4}.Debug|Any CPU.Build.0 = Debug|Any CPU
		{5C3868F3-7769-4882-BCE6-AF17475A7DA4}.Release|Any CPU.ActiveCfg = Release|Any CPU
		{5C3868F3-7769-4882-BCE6-AF17475A7DA4}.Release|Any CPU.Build.0 = Release|Any CPU
		{151B9213-768F-4A83-B47E-DCBFF0E2CABF}.Debug|Any CPU.ActiveCfg = Debug|Any CPU
		{151B9213-768F-4A83-B47E-DCBFF0E2CABF}.Debug|Any CPU.Build.0 = Debug|Any CPU
		{151B9213-768F-4A83-B47E-DCBFF0E2CABF}.Release|Any CPU.ActiveCfg = Release|Any CPU
		{151B9213-768F-4A83-B47E-DCBFF0E2CABF}.Release|Any CPU.Build.0 = Release|Any CPU
		{11B15DEA-80A3-48BC-BB07-45053B458872}.Debug|Any CPU.ActiveCfg = Debug|Any CPU
		{11B15DEA-80A3-48BC-BB07-45053B458872}.Debug|Any CPU.Build.0 = Debug|Any CPU
		{11B15DEA-80A3-48BC-BB07-45053B458872}.Release|Any CPU.ActiveCfg = Release|Any CPU
		{11B15DEA-80A3-48BC-BB07-45053B458872}.Release|Any CPU.Build.0 = Release|Any CPU
		{78598607-F802-4D12-A6B9-ADCE44EEFF56}.Debug|Any CPU.ActiveCfg = Debug|Any CPU
		{78598607-F802-4D12-A6B9-ADCE44EEFF56}.Debug|Any CPU.Build.0 = Debug|Any CPU
		{78598607-F802-4D12-A6B9-ADCE44EEFF56}.Release|Any CPU.ActiveCfg = Release|Any CPU
		{78598607-F802-4D12-A6B9-ADCE44EEFF56}.Release|Any CPU.Build.0 = Release|Any CPU
		{2903E550-FCB5-49B4-9C18-25498A1CEBD7}.Debug|Any CPU.ActiveCfg = Debug|Any CPU
		{2903E550-FCB5-49B4-9C18-25498A1CEBD7}.Debug|Any CPU.Build.0 = Debug|Any CPU
		{2903E550-FCB5-49B4-9C18-25498A1CEBD7}.Release|Any CPU.ActiveCfg = Release|Any CPU
		{2903E550-FCB5-49B4-9C18-25498A1CEBD7}.Release|Any CPU.Build.0 = Release|Any CPU
		{BA55B683-0BB5-422D-905A-5C7E47E740DB}.Debug|Any CPU.ActiveCfg = Debug|Any CPU
		{BA55B683-0BB5-422D-905A-5C7E47E740DB}.Debug|Any CPU.Build.0 = Debug|Any CPU
		{BA55B683-0BB5-422D-905A-5C7E47E740DB}.Release|Any CPU.ActiveCfg = Release|Any CPU
		{BA55B683-0BB5-422D-905A-5C7E47E740DB}.Release|Any CPU.Build.0 = Release|Any CPU
		{79B9E89A-46AC-490E-86D5-DA21558292A1}.Debug|Any CPU.ActiveCfg = Debug|Any CPU
		{79B9E89A-46AC-490E-86D5-DA21558292A1}.Debug|Any CPU.Build.0 = Debug|Any CPU
		{79B9E89A-46AC-490E-86D5-DA21558292A1}.Release|Any CPU.ActiveCfg = Release|Any CPU
		{79B9E89A-46AC-490E-86D5-DA21558292A1}.Release|Any CPU.Build.0 = Release|Any CPU
		{A5E6EAF4-D3A7-4CFC-B0A1-2C471E1404A4}.Debug|Any CPU.ActiveCfg = Debug|Any CPU
		{A5E6EAF4-D3A7-4CFC-B0A1-2C471E1404A4}.Debug|Any CPU.Build.0 = Debug|Any CPU
		{A5E6EAF4-D3A7-4CFC-B0A1-2C471E1404A4}.Release|Any CPU.ActiveCfg = Release|Any CPU
		{A5E6EAF4-D3A7-4CFC-B0A1-2C471E1404A4}.Release|Any CPU.Build.0 = Release|Any CPU
		{F905AA59-2259-48D7-BB94-52BCECEE4808}.Debug|Any CPU.ActiveCfg = Debug|Any CPU
		{F905AA59-2259-48D7-BB94-52BCECEE4808}.Debug|Any CPU.Build.0 = Debug|Any CPU
		{F905AA59-2259-48D7-BB94-52BCECEE4808}.Release|Any CPU.ActiveCfg = Release|Any CPU
		{F905AA59-2259-48D7-BB94-52BCECEE4808}.Release|Any CPU.Build.0 = Release|Any CPU
	EndGlobalSection
	GlobalSection(SolutionProperties) = preSolution
		HideSolutionNode = FALSE
	EndGlobalSection
	GlobalSection(NestedProjects) = preSolution
		{F5DB39C2-6C67-4A4F-AE9D-B50FEF2AF7C5} = {90C5493C-3866-4935-9E46-017570A32DCD}
		{9519779B-A841-4548-88FC-7118DC3D99AA} = {90C5493C-3866-4935-9E46-017570A32DCD}
		{022C56B0-8CBE-455E-9DDD-C653B99E7131} = {90C5493C-3866-4935-9E46-017570A32DCD}
		{5C3868F3-7769-4882-BCE6-AF17475A7DA4} = {90C5493C-3866-4935-9E46-017570A32DCD}
		{151B9213-768F-4A83-B47E-DCBFF0E2CABF} = {90C5493C-3866-4935-9E46-017570A32DCD}
		{11B15DEA-80A3-48BC-BB07-45053B458872} = {3974185F-EDE9-4566-8145-093BF59B48F4}
		{78598607-F802-4D12-A6B9-ADCE44EEFF56} = {3974185F-EDE9-4566-8145-093BF59B48F4}
		{2903E550-FCB5-49B4-9C18-25498A1CEBD7} = {3974185F-EDE9-4566-8145-093BF59B48F4}
		{BA55B683-0BB5-422D-905A-5C7E47E740DB} = {3974185F-EDE9-4566-8145-093BF59B48F4}
		{79B9E89A-46AC-490E-86D5-DA21558292A1} = {3974185F-EDE9-4566-8145-093BF59B48F4}
		{A5E6EAF4-D3A7-4CFC-B0A1-2C471E1404A4} = {3974185F-EDE9-4566-8145-093BF59B48F4}
		{F905AA59-2259-48D7-BB94-52BCECEE4808} = {3974185F-EDE9-4566-8145-093BF59B48F4}
	EndGlobalSection
	GlobalSection(ExtensibilityGlobals) = postSolution
		SolutionGuid = {E5117F41-5FB8-464B-9BBA-0A64AE35D897}
	EndGlobalSection
EndGlobal
